
Microsoft Visual Studio Solution File, Format Version 12.00
# Visual Studio Version 16
VisualStudioVersion = 16.0.30611.23
MinimumVisualStudioVersion = 10.0.40219.1
Project("{FAE04EC0-301F-11D3-BF4B-00C04F79EFBC}") = "UWPPopupToolkit.Sample", "UWPPopupToolkit\UWPPopupToolkit.Sample.csproj", "{A709A7FF-638E-42F9-B84A-089F98C24440}"
EndProject
Project("{FAE04EC0-301F-11D3-BF4B-00C04F79EFBC}") = "UWPPopupToolkitSDK", "UWPPopupToolkitSDK\UWPPopupToolkitSDK.csproj", "{77194384-97DD-4E86-B8DA-82D760C9CE94}"
EndProject
Global
	GlobalSection(SolutionConfigurationPlatforms) = preSolution
		Debug|Any CPU = Debug|Any CPU
		Debug|ARM = Debug|ARM
		Debug|ARM64 = Debug|ARM64
		Debug|x64 = Debug|x64
		Debug|x86 = Debug|x86
		Release|Any CPU = Release|Any CPU
		Release|ARM = Release|ARM
		Release|ARM64 = Release|ARM64
		Release|x64 = Release|x64
		Release|x86 = Release|x86
	EndGlobalSection
	GlobalSection(ProjectConfigurationPlatforms) = postSolution
		{A709A7FF-638E-42F9-B84A-089F98C24440}.Debug|Any CPU.ActiveCfg = Debug|x86
		{A709A7FF-638E-42F9-B84A-089F98C24440}.Debug|ARM.ActiveCfg = Debug|ARM
		{A709A7FF-638E-42F9-B84A-089F98C24440}.Debug|ARM.Build.0 = Debug|ARM
		{A709A7FF-638E-42F9-B84A-089F98C24440}.Debug|ARM.Deploy.0 = Debug|ARM
		{A709A7FF-638E-42F9-B84A-089F98C24440}.Debug|ARM64.ActiveCfg = Debug|ARM64
		{A709A7FF-638E-42F9-B84A-089F98C24440}.Debug|ARM64.Build.0 = Debug|ARM64
		{A709A7FF-638E-42F9-B84A-089F98C24440}.Debug|ARM64.Deploy.0 = Debug|ARM64
		{A709A7FF-638E-42F9-B84A-089F98C24440}.Debug|x64.ActiveCfg = Debug|x64
		{A709A7FF-638E-42F9-B84A-089F98C24440}.Debug|x64.Build.0 = Debug|x64
		{A709A7FF-638E-42F9-B84A-089F98C24440}.Debug|x64.Deploy.0 = Debug|x64
		{A709A7FF-638E-42F9-B84A-089F98C24440}.Debug|x86.ActiveCfg = Debug|x86
		{A709A7FF-638E-42F9-B84A-089F98C24440}.Debug|x86.Build.0 = Debug|x86
		{A709A7FF-638E-42F9-B84A-089F98C24440}.Debug|x86.Deploy.0 = Debug|x86
		{A709A7FF-638E-42F9-B84A-089F98C24440}.Release|Any CPU.ActiveCfg = Release|x86
		{A709A7FF-638E-42F9-B84A-089F98C24440}.Release|ARM.ActiveCfg = Release|ARM
		{A709A7FF-638E-42F9-B84A-089F98C24440}.Release|ARM.Build.0 = Release|ARM
		{A709A7FF-638E-42F9-B84A-089F98C24440}.Release|ARM.Deploy.0 = Release|ARM
		{A709A7FF-638E-42F9-B84A-089F98C24440}.Release|ARM64.ActiveCfg = Release|ARM64
		{A709A7FF-638E-42F9-B84A-089F98C24440}.Release|ARM64.Build.0 = Release|ARM64
		{A709A7FF-638E-42F9-B84A-089F98C24440}.Release|ARM64.Deploy.0 = Release|ARM64
		{A709A7FF-638E-42F9-B84A-089F98C24440}.Release|x64.ActiveCfg = Release|x64
		{A709A7FF-638E-42F9-B84A-089F98C24440}.Release|x64.Build.0 = Release|x64
		{A709A7FF-638E-42F9-B84A-089F98C24440}.Release|x64.Deploy.0 = Release|x64
		{A709A7FF-638E-42F9-B84A-089F98C24440}.Release|x86.ActiveCfg = Release|x86
		{A709A7FF-638E-42F9-B84A-089F98C24440}.Release|x86.Build.0 = Release|x86
		{A709A7FF-638E-42F9-B84A-089F98C24440}.Release|x86.Deploy.0 = Release|x86
		{77194384-97DD-4E86-B8DA-82D760C9CE94}.Debug|Any CPU.ActiveCfg = Debug|Any CPU
		{77194384-97DD-4E86-B8DA-82D760C9CE94}.Debug|Any CPU.Build.0 = Debug|Any CPU
		{77194384-97DD-4E86-B8DA-82D760C9CE94}.Debug|ARM.ActiveCfg = Debug|ARM
		{77194384-97DD-4E86-B8DA-82D760C9CE94}.Debug|ARM.Build.0 = Debug|ARM
		{77194384-97DD-4E86-B8DA-82D760C9CE94}.Debug|ARM64.ActiveCfg = Debug|ARM64
		{77194384-97DD-4E86-B8DA-82D760C9CE94}.Debug|ARM64.Build.0 = Debug|ARM64
		{77194384-97DD-4E86-B8DA-82D760C9CE94}.Debug|x64.ActiveCfg = Debug|x64
		{77194384-97DD-4E86-B8DA-82D760C9CE94}.Debug|x64.Build.0 = Debug|x64
		{77194384-97DD-4E86-B8DA-82D760C9CE94}.Debug|x86.ActiveCfg = Debug|x86
		{77194384-97DD-4E86-B8DA-82D760C9CE94}.Debug|x86.Build.0 = Debug|x86
		{77194384-97DD-4E86-B8DA-82D760C9CE94}.Release|Any CPU.ActiveCfg = Release|Any CPU
		{77194384-97DD-4E86-B8DA-82D760C9CE94}.Release|Any CPU.Build.0 = Release|Any CPU
		{77194384-97DD-4E86-B8DA-82D760C9CE94}.Release|ARM.ActiveCfg = Release|ARM
		{77194384-97DD-4E86-B8DA-82D760C9CE94}.Release|ARM.Build.0 = Release|ARM
		{77194384-97DD-4E86-B8DA-82D760C9CE94}.Release|ARM64.ActiveCfg = Release|ARM64
		{77194384-97DD-4E86-B8DA-82D760C9CE94}.Release|ARM64.Build.0 = Release|ARM64
		{77194384-97DD-4E86-B8DA-82D760C9CE94}.Release|x64.ActiveCfg = Release|x64
		{77194384-97DD-4E86-B8DA-82D760C9CE94}.Release|x64.Build.0 = Release|x64
		{77194384-97DD-4E86-B8DA-82D760C9CE94}.Release|x86.ActiveCfg = Release|x86
		{77194384-97DD-4E86-B8DA-82D760C9CE94}.Release|x86.Build.0 = Release|x86
	EndGlobalSection
	GlobalSection(SolutionProperties) = preSolution
		HideSolutionNode = FALSE
	EndGlobalSection
	GlobalSection(ExtensibilityGlobals) = postSolution
		SolutionGuid = {1248788D-0C39-4922-9E16-825B6401D4DF}
	EndGlobalSection
EndGlobal
